
Microsoft Visual Studio Solution File, Format Version 12.00
# Visual Studio 15
VisualStudioVersion = 15.0.28307.421
MinimumVisualStudioVersion = 10.0.40219.1
Project("{FAE04EC0-301F-11D3-BF4B-00C04F79EFBC}") = "EscolaPDMIII.Android", "EscolaPDMIII\EscolaPDMIII.Android\EscolaPDMIII.Android.csproj", "{41984C3A-0D35-4906-A2B8-1897EAB34CFD}"
EndProject
Project("{FAE04EC0-301F-11D3-BF4B-00C04F79EFBC}") = "EscolaPDMIII.iOS", "EscolaPDMIII\EscolaPDMIII.iOS\EscolaPDMIII.iOS.csproj", "{73AEC9A4-A9CF-40B3-8E67-CA8D3A9ABC65}"
EndProject
Project("{FAE04EC0-301F-11D3-BF4B-00C04F79EFBC}") = "EscolaPDMIII", "EscolaPDMIII\EscolaPDMIII\EscolaPDMIII.csproj", "{37F173FE-2CD2-4BF9-8E86-F8AF964F44CA}"
EndProject
Global
	GlobalSection(SolutionConfigurationPlatforms) = preSolution
		Ad-Hoc|Any CPU = Ad-Hoc|Any CPU
		Ad-Hoc|iPhone = Ad-Hoc|iPhone
		Ad-Hoc|iPhoneSimulator = Ad-Hoc|iPhoneSimulator
		AppStore|Any CPU = AppStore|Any CPU
		AppStore|iPhone = AppStore|iPhone
		AppStore|iPhoneSimulator = AppStore|iPhoneSimulator
		Debug|Any CPU = Debug|Any CPU
		Debug|iPhone = Debug|iPhone
		Debug|iPhoneSimulator = Debug|iPhoneSimulator
		Release|Any CPU = Release|Any CPU
		Release|iPhone = Release|iPhone
		Release|iPhoneSimulator = Release|iPhoneSimulator
	EndGlobalSection
	GlobalSection(ProjectConfigurationPlatforms) = postSolution
		{41984C3A-0D35-4906-A2B8-1897EAB34CFD}.Ad-Hoc|Any CPU.ActiveCfg = Release|Any CPU
		{41984C3A-0D35-4906-A2B8-1897EAB34CFD}.Ad-Hoc|Any CPU.Build.0 = Release|Any CPU
		{41984C3A-0D35-4906-A2B8-1897EAB34CFD}.Ad-Hoc|Any CPU.Deploy.0 = Release|Any CPU
		{41984C3A-0D35-4906-A2B8-1897EAB34CFD}.Ad-Hoc|iPhone.ActiveCfg = Release|Any CPU
		{41984C3A-0D35-4906-A2B8-1897EAB34CFD}.Ad-Hoc|iPhone.Build.0 = Release|Any CPU
		{41984C3A-0D35-4906-A2B8-1897EAB34CFD}.Ad-Hoc|iPhone.Deploy.0 = Release|Any CPU
		{41984C3A-0D35-4906-A2B8-1897EAB34CFD}.Ad-Hoc|iPhoneSimulator.ActiveCfg = Release|Any CPU
		{41984C3A-0D35-4906-A2B8-1897EAB34CFD}.Ad-Hoc|iPhoneSimulator.Build.0 = Release|Any CPU
		{41984C3A-0D35-4906-A2B8-1897EAB34CFD}.Ad-Hoc|iPhoneSimulator.Deploy.0 = Release|Any CPU
		{41984C3A-0D35-4906-A2B8-1897EAB34CFD}.AppStore|Any CPU.ActiveCfg = Release|Any CPU
		{41984C3A-0D35-4906-A2B8-1897EAB34CFD}.AppStore|Any CPU.Build.0 = Release|Any CPU
		{41984C3A-0D35-4906-A2B8-1897EAB34CFD}.AppStore|Any CPU.Deploy.0 = Release|Any CPU
		{41984C3A-0D35-4906-A2B8-1897EAB34CFD}.AppStore|iPhone.ActiveCfg = Release|Any CPU
		{41984C3A-0D35-4906-A2B8-1897EAB34CFD}.AppStore|iPhone.Build.0 = Release|Any CPU
		{41984C3A-0D35-4906-A2B8-1897EAB34CFD}.AppStore|iPhone.Deploy.0 = Release|Any CPU
		{41984C3A-0D35-4906-A2B8-1897EAB34CFD}.AppStore|iPhoneSimulator.ActiveCfg = Release|Any CPU
		{41984C3A-0D35-4906-A2B8-1897EAB34CFD}.AppStore|iPhoneSimulator.Build.0 = Release|Any CPU
		{41984C3A-0D35-4906-A2B8-1897EAB34CFD}.AppStore|iPhoneSimulator.Deploy.0 = Release|Any CPU
		{41984C3A-0D35-4906-A2B8-1897EAB34CFD}.Debug|Any CPU.ActiveCfg = Debug|Any CPU
		{41984C3A-0D35-4906-A2B8-1897EAB34CFD}.Debug|Any CPU.Build.0 = Debug|Any CPU
		{41984C3A-0D35-4906-A2B8-1897EAB34CFD}.Debug|Any CPU.Deploy.0 = Debug|Any CPU
		{41984C3A-0D35-4906-A2B8-1897EAB34CFD}.Debug|iPhone.ActiveCfg = Debug|Any CPU
		{41984C3A-0D35-4906-A2B8-1897EAB34CFD}.Debug|iPhone.Build.0 = Debug|Any CPU
		{41984C3A-0D35-4906-A2B8-1897EAB34CFD}.Debug|iPhone.Deploy.0 = Debug|Any CPU
		{41984C3A-0D35-4906-A2B8-1897EAB34CFD}.Debug|iPhoneSimulator.ActiveCfg = Debug|Any CPU
		{41984C3A-0D35-4906-A2B8-1897EAB34CFD}.Debug|iPhoneSimulator.Build.0 = Debug|Any CPU
		{41984C3A-0D35-4906-A2B8-1897EAB34CFD}.Debug|iPhoneSimulator.Deploy.0 = Debug|Any CPU
		{41984C3A-0D35-4906-A2B8-1897EAB34CFD}.Release|Any CPU.ActiveCfg = Release|Any CPU
		{41984C3A-0D35-4906-A2B8-1897EAB34CFD}.Release|Any CPU.Build.0 = Release|Any CPU
		{41984C3A-0D35-4906-A2B8-1897EAB34CFD}.Release|Any CPU.Deploy.0 = Release|Any CPU
		{41984C3A-0D35-4906-A2B8-1897EAB34CFD}.Release|iPhone.ActiveCfg = Release|Any CPU
		{41984C3A-0D35-4906-A2B8-1897EAB34CFD}.Release|iPhone.Build.0 = Release|Any CPU
		{41984C3A-0D35-4906-A2B8-1897EAB34CFD}.Release|iPhone.Deploy.0 = Release|Any CPU
		{41984C3A-0D35-4906-A2B8-1897EAB34CFD}.Release|iPhoneSimulator.ActiveCfg = Release|Any CPU
		{41984C3A-0D35-4906-A2B8-1897EAB34CFD}.Release|iPhoneSimulator.Build.0 = Release|Any CPU
		{41984C3A-0D35-4906-A2B8-1897EAB34CFD}.Release|iPhoneSimulator.Deploy.0 = Release|Any CPU
		{73AEC9A4-A9CF-40B3-8E67-CA8D3A9ABC65}.Ad-Hoc|Any CPU.ActiveCfg = Ad-Hoc|iPhone
		{73AEC9A4-A9CF-40B3-8E67-CA8D3A9ABC65}.Ad-Hoc|Any CPU.Build.0 = Ad-Hoc|iPhone
		{73AEC9A4-A9CF-40B3-8E67-CA8D3A9ABC65}.Ad-Hoc|Any CPU.Deploy.0 = Ad-Hoc|iPhone
		{73AEC9A4-A9CF-40B3-8E67-CA8D3A9ABC65}.Ad-Hoc|iPhone.ActiveCfg = Ad-Hoc|iPhone
		{73AEC9A4-A9CF-40B3-8E67-CA8D3A9ABC65}.Ad-Hoc|iPhone.Build.0 = Ad-Hoc|iPhone
		{73AEC9A4-A9CF-40B3-8E67-CA8D3A9ABC65}.Ad-Hoc|iPhone.Deploy.0 = Ad-Hoc|iPhone
		{73AEC9A4-A9CF-40B3-8E67-CA8D3A9ABC65}.Ad-Hoc|iPhoneSimulator.ActiveCfg = Ad-Hoc|iPhoneSimulator
		{73AEC9A4-A9CF-40B3-8E67-CA8D3A9ABC65}.Ad-Hoc|iPhoneSimulator.Build.0 = Ad-Hoc|iPhoneSimulator
		{73AEC9A4-A9CF-40B3-8E67-CA8D3A9ABC65}.Ad-Hoc|iPhoneSimulator.Deploy.0 = Ad-Hoc|iPhoneSimulator
		{73AEC9A4-A9CF-40B3-8E67-CA8D3A9ABC65}.AppStore|Any CPU.ActiveCfg = AppStore|iPhone
		{73AEC9A4-A9CF-40B3-8E67-CA8D3A9ABC65}.AppStore|Any CPU.Build.0 = AppStore|iPhone
		{73AEC9A4-A9CF-40B3-8E67-CA8D3A9ABC65}.AppStore|Any CPU.Deploy.0 = AppStore|iPhone
		{73AEC9A4-A9CF-40B3-8E67-CA8D3A9ABC65}.AppStore|iPhone.ActiveCfg = AppStore|iPhone
		{73AEC9A4-A9CF-40B3-8E67-CA8D3A9ABC65}.AppStore|iPhone.Build.0 = AppStore|iPhone
		{73AEC9A4-A9CF-40B3-8E67-CA8D3A9ABC65}.AppStore|iPhone.Deploy.0 = AppStore|iPhone
		{73AEC9A4-A9CF-40B3-8E67-CA8D3A9ABC65}.AppStore|iPhoneSimulator.ActiveCfg = AppStore|iPhoneSimulator
		{73AEC9A4-A9CF-40B3-8E67-CA8D3A9ABC65}.AppStore|iPhoneSimulator.Build.0 = AppStore|iPhoneSimulator
		{73AEC9A4-A9CF-40B3-8E67-CA8D3A9ABC65}.AppStore|iPhoneSimulator.Deploy.0 = AppStore|iPhoneSimulator
		{73AEC9A4-A9CF-40B3-8E67-CA8D3A9ABC65}.Debug|Any CPU.ActiveCfg = Debug|iPhoneSimulator
		{73AEC9A4-A9CF-40B3-8E67-CA8D3A9ABC65}.Debug|Any CPU.Build.0 = Debug|iPhoneSimulator
		{73AEC9A4-A9CF-40B3-8E67-CA8D3A9ABC65}.Debug|Any CPU.Deploy.0 = Debug|iPhoneSimulator
		{73AEC9A4-A9CF-40B3-8E67-CA8D3A9ABC65}.Debug|iPhone.ActiveCfg = Debug|iPhone
		{73AEC9A4-A9CF-40B3-8E67-CA8D3A9ABC65}.Debug|iPhone.Build.0 = Debug|iPhone
		{73AEC9A4-A9CF-40B3-8E67-CA8D3A9ABC65}.Debug|iPhone.Deploy.0 = Debug|iPhone
		{73AEC9A4-A9CF-40B3-8E67-CA8D3A9ABC65}.Debug|iPhoneSimulator.ActiveCfg = Debug|iPhoneSimulator
		{73AEC9A4-A9CF-40B3-8E67-CA8D3A9ABC65}.Debug|iPhoneSimulator.Build.0 = Debug|iPhoneSimulator
		{73AEC9A4-A9CF-40B3-8E67-CA8D3A9ABC65}.Debug|iPhoneSimulator.Deploy.0 = Debug|iPhoneSimulator
		{73AEC9A4-A9CF-40B3-8E67-CA8D3A9ABC65}.Release|Any CPU.ActiveCfg = Release|iPhone
		{73AEC9A4-A9CF-40B3-8E67-CA8D3A9ABC65}.Release|Any CPU.Build.0 = Release|iPhone
		{73AEC9A4-A9CF-40B3-8E67-CA8D3A9ABC65}.Release|Any CPU.Deploy.0 = Release|iPhone
		{73AEC9A4-A9CF-40B3-8E67-CA8D3A9ABC65}.Release|iPhone.ActiveCfg = Release|iPhone
		{73AEC9A4-A9CF-40B3-8E67-CA8D3A9ABC65}.Release|iPhone.Build.0 = Release|iPhone
		{73AEC9A4-A9CF-40B3-8E67-CA8D3A9ABC65}.Release|iPhone.Deploy.0 = Release|iPhone
		{73AEC9A4-A9CF-40B3-8E67-CA8D3A9ABC65}.Release|iPhoneSimulator.ActiveCfg = Release|iPhoneSimulator
		{73AEC9A4-A9CF-40B3-8E67-CA8D3A9ABC65}.Release|iPhoneSimulator.Build.0 = Release|iPhoneSimulator
		{73AEC9A4-A9CF-40B3-8E67-CA8D3A9ABC65}.Release|iPhoneSimulator.Deploy.0 = Release|iPhoneSimulator
		{37F173FE-2CD2-4BF9-8E86-F8AF964F44CA}.Ad-Hoc|Any CPU.ActiveCfg = Debug|Any CPU
		{37F173FE-2CD2-4BF9-8E86-F8AF964F44CA}.Ad-Hoc|Any CPU.Build.0 = Debug|Any CPU
		{37F173FE-2CD2-4BF9-8E86-F8AF964F44CA}.Ad-Hoc|Any CPU.Deploy.0 = Debug|Any CPU
		{37F173FE-2CD2-4BF9-8E86-F8AF964F44CA}.Ad-Hoc|iPhone.ActiveCfg = Debug|Any CPU
		{37F173FE-2CD2-4BF9-8E86-F8AF964F44CA}.Ad-Hoc|iPhone.Build.0 = Debug|Any CPU
		{37F173FE-2CD2-4BF9-8E86-F8AF964F44CA}.Ad-Hoc|iPhone.Deploy.0 = Debug|Any CPU
		{37F173FE-2CD2-4BF9-8E86-F8AF964F44CA}.Ad-Hoc|iPhoneSimulator.ActiveCfg = Debug|Any CPU
		{37F173FE-2CD2-4BF9-8E86-F8AF964F44CA}.Ad-Hoc|iPhoneSimulator.Build.0 = Debug|Any CPU
		{37F173FE-2CD2-4BF9-8E86-F8AF964F44CA}.Ad-Hoc|iPhoneSimulator.Deploy.0 = Debug|Any CPU
		{37F173FE-2CD2-4BF9-8E86-F8AF964F44CA}.AppStore|Any CPU.ActiveCfg = Debug|Any CPU
		{37F173FE-2CD2-4BF9-8E86-F8AF964F44CA}.AppStore|Any CPU.Build.0 = Debug|Any CPU
		{37F173FE-2CD2-4BF9-8E86-F8AF964F44CA}.AppStore|Any CPU.Deploy.0 = Debug|Any CPU
		{37F173FE-2CD2-4BF9-8E86-F8AF964F44CA}.AppStore|iPhone.ActiveCfg = Debug|Any CPU
		{37F173FE-2CD2-4BF9-8E86-F8AF964F44CA}.AppStore|iPhone.Build.0 = Debug|Any CPU
		{37F173FE-2CD2-4BF9-8E86-F8AF964F44CA}.AppStore|iPhone.Deploy.0 = Debug|Any CPU
		{37F173FE-2CD2-4BF9-8E86-F8AF964F44CA}.AppStore|iPhoneSimulator.ActiveCfg = Debug|Any CPU
		{37F173FE-2CD2-4BF9-8E86-F8AF964F44CA}.AppStore|iPhoneSimulator.Build.0 = Debug|Any CPU
		{37F173FE-2CD2-4BF9-8E86-F8AF964F44CA}.AppStore|iPhoneSimulator.Deploy.0 = Debug|Any CPU
		{37F173FE-2CD2-4BF9-8E86-F8AF964F44CA}.Debug|Any CPU.ActiveCfg = Debug|Any CPU
		{37F173FE-2CD2-4BF9-8E86-F8AF964F44CA}.Debug|Any CPU.Build.0 = Debug|Any CPU
		{37F173FE-2CD2-4BF9-8E86-F8AF964F44CA}.Debug|Any CPU.Deploy.0 = Debug|Any CPU
		{37F173FE-2CD2-4BF9-8E86-F8AF964F44CA}.Debug|iPhone.ActiveCfg = Debug|Any CPU
		{37F173FE-2CD2-4BF9-8E86-F8AF964F44CA}.Debug|iPhone.Build.0 = Debug|Any CPU
		{37F173FE-2CD2-4BF9-8E86-F8AF964F44CA}.Debug|iPhone.Deploy.0 = Debug|Any CPU
		{37F173FE-2CD2-4BF9-8E86-F8AF964F44CA}.Debug|iPhoneSimulator.ActiveCfg = Debug|Any CPU
		{37F173FE-2CD2-4BF9-8E86-F8AF964F44CA}.Debug|iPhoneSimulator.Build.0 = Debug|Any CPU
		{37F173FE-2CD2-4BF9-8E86-F8AF964F44CA}.Debug|iPhoneSimulator.Deploy.0 = Debug|Any CPU
		{37F173FE-2CD2-4BF9-8E86-F8AF964F44CA}.Release|Any CPU.ActiveCfg = Release|Any CPU
		{37F173FE-2CD2-4BF9-8E86-F8AF964F44CA}.Release|Any CPU.Build.0 = Release|Any CPU
		{37F173FE-2CD2-4BF9-8E86-F8AF964F44CA}.Release|Any CPU.Deploy.0 = Release|Any CPU
		{37F173FE-2CD2-4BF9-8E86-F8AF964F44CA}.Release|iPhone.ActiveCfg = Release|Any CPU
		{37F173FE-2CD2-4BF9-8E86-F8AF964F44CA}.Release|iPhone.Build.0 = Release|Any CPU
		{37F173FE-2CD2-4BF9-8E86-F8AF964F44CA}.Release|iPhone.Deploy.0 = Release|Any CPU
		{37F173FE-2CD2-4BF9-8E86-F8AF964F44CA}.Release|iPhoneSimulator.ActiveCfg = Release|Any CPU
		{37F173FE-2CD2-4BF9-8E86-F8AF964F44CA}.Release|iPhoneSimulator.Build.0 = Release|Any CPU
		{37F173FE-2CD2-4BF9-8E86-F8AF964F44CA}.Release|iPhoneSimulator.Deploy.0 = Release|Any CPU
	EndGlobalSection
	GlobalSection(SolutionProperties) = preSolution
		HideSolutionNode = FALSE
	EndGlobalSection
	GlobalSection(ExtensibilityGlobals) = postSolution
		SolutionGuid = {6AB5D017-2A3D-4F90-84CB-88C92350774F}
	EndGlobalSection
EndGlobal
